
Microsoft Visual Studio Solution File, Format Version 12.00
# Visual Studio Version 17
VisualStudioVersion = 17.12.35728.132
MinimumVisualStudioVersion = 10.0.40219.1
Project("{FAE04EC0-301F-11D3-BF4B-00C04F79EFBC}") = "UserPostsAPI", "UserPostsAPI.csproj", "{FA5DDFFB-4CFC-4C27-A130-2F15A5BBE5F5}"
EndProject
Project("{FAE04EC0-301F-11D3-BF4B-00C04F79EFBC}") = "UnitTests", "..\UnitTests\UnitTests.csproj", "{9F1C5CFA-E894-F038-D7AA-11E8DD80098B}"
EndProject
Project("{FAE04EC0-301F-11D3-BF4B-00C04F79EFBC}") = "IntegrationTests", "..\IntegrationTest\IntegrationTests.csproj", "{24AFFD6E-5FDE-43C1-9DC2-8108411FEB13}"
EndProject
Project("{FAE04EC0-301F-11D3-BF4B-00C04F79EFBC}") = "UserPostsAPI.Data", "..\UserPostsAPI.Data\UserPostsAPI.Data.csproj", "{6D5ABB7B-D009-44D2-BA5E-F9DF45FDFD45}"
EndProject
Global
	GlobalSection(SolutionConfigurationPlatforms) = preSolution
		Debug|Any CPU = Debug|Any CPU
		Release|Any CPU = Release|Any CPU
	EndGlobalSection
	GlobalSection(ProjectConfigurationPlatforms) = postSolution
		{FA5DDFFB-4CFC-4C27-A130-2F15A5BBE5F5}.Debug|Any CPU.ActiveCfg = Debug|Any CPU
		{FA5DDFFB-4CFC-4C27-A130-2F15A5BBE5F5}.Debug|Any CPU.Build.0 = Debug|Any CPU
		{FA5DDFFB-4CFC-4C27-A130-2F15A5BBE5F5}.Release|Any CPU.ActiveCfg = Release|Any CPU
		{FA5DDFFB-4CFC-4C27-A130-2F15A5BBE5F5}.Release|Any CPU.Build.0 = Release|Any CPU
		{9F1C5CFA-E894-F038-D7AA-11E8DD80098B}.Debug|Any CPU.ActiveCfg = Debug|Any CPU
		{9F1C5CFA-E894-F038-D7AA-11E8DD80098B}.Debug|Any CPU.Build.0 = Debug|Any CPU
		{9F1C5CFA-E894-F038-D7AA-11E8DD80098B}.Release|Any CPU.ActiveCfg = Release|Any CPU
		{9F1C5CFA-E894-F038-D7AA-11E8DD80098B}.Release|Any CPU.Build.0 = Release|Any CPU
		{24AFFD6E-5FDE-43C1-9DC2-8108411FEB13}.Debug|Any CPU.ActiveCfg = Debug|Any CPU
		{24AFFD6E-5FDE-43C1-9DC2-8108411FEB13}.Debug|Any CPU.Build.0 = Debug|Any CPU
		{24AFFD6E-5FDE-43C1-9DC2-8108411FEB13}.Release|Any CPU.ActiveCfg = Release|Any CPU
		{24AFFD6E-5FDE-43C1-9DC2-8108411FEB13}.Release|Any CPU.Build.0 = Release|Any CPU
		{6D5ABB7B-D009-44D2-BA5E-F9DF45FDFD45}.Debug|Any CPU.ActiveCfg = Debug|Any CPU
		{6D5ABB7B-D009-44D2-BA5E-F9DF45FDFD45}.Debug|Any CPU.Build.0 = Debug|Any CPU
		{6D5ABB7B-D009-44D2-BA5E-F9DF45FDFD45}.Release|Any CPU.ActiveCfg = Release|Any CPU
		{6D5ABB7B-D009-44D2-BA5E-F9DF45FDFD45}.Release|Any CPU.Build.0 = Release|Any CPU
	EndGlobalSection
	GlobalSection(SolutionProperties) = preSolution
		HideSolutionNode = FALSE
	EndGlobalSection
	GlobalSection(ExtensibilityGlobals) = postSolution
		SolutionGuid = {EC5AC74B-E922-422F-A655-548EC7B9D8BF}
	EndGlobalSection
EndGlobal
